
Microsoft Visual Studio Solution File, Format Version 12.00
# Visual Studio Version 16
VisualStudioVersion = 16.0.31515.178
MinimumVisualStudioVersion = 10.0.40219.1
Project("{FAE04EC0-301F-11D3-BF4B-00C04F79EFBC}") = "MessageAPI", "MessageAPI.csproj", "{8B45F742-CBDE-4E78-A233-B349C84C184D}"
EndProject
Global
	GlobalSection(SolutionConfigurationPlatforms) = preSolution
		Debug|Any CPU = Debug|Any CPU
		Release|Any CPU = Release|Any CPU
	EndGlobalSection
	GlobalSection(ProjectConfigurationPlatforms) = postSolution
		{8B45F742-CBDE-4E78-A233-B349C84C184D}.Debug|Any CPU.ActiveCfg = Debug|Any CPU
		{8B45F742-CBDE-4E78-A233-B349C84C184D}.Debug|Any CPU.Build.0 = Debug|Any CPU
		{8B45F742-CBDE-4E78-A233-B349C84C184D}.Release|Any CPU.ActiveCfg = Release|Any CPU
		{8B45F742-CBDE-4E78-A233-B349C84C184D}.Release|Any CPU.Build.0 = Release|Any CPU
	EndGlobalSection
	GlobalSection(SolutionProperties) = preSolution
		HideSolutionNode = FALSE
	EndGlobalSection
	GlobalSection(ExtensibilityGlobals) = postSolution
		SolutionGuid = {05FA5888-9D9E-4F44-AFEC-85591758F96F}
	EndGlobalSection
EndGlobal
